
Microsoft Visual Studio Solution File, Format Version 12.00
# Visual Studio 14
VisualStudioVersion = 14.0.25420.1
MinimumVisualStudioVersion = 10.0.40219.1
Project("{FAE04EC0-301F-11D3-BF4B-00C04F79EFBC}") = "OOP2", "OOP2\OOP2.csproj", "{DB696629-A4EC-453D-A79A-99C4E062179D}"
EndProject
Global
	GlobalSection(SolutionConfigurationPlatforms) = preSolution
		Debug|Any CPU = Debug|Any CPU
		Release|Any CPU = Release|Any CPU
	EndGlobalSection
	GlobalSection(ProjectConfigurationPlatforms) = postSolution
		{DB696629-A4EC-453D-A79A-99C4E062179D}.Debug|Any CPU.ActiveCfg = Debug|Any CPU
		{DB696629-A4EC-453D-A79A-99C4E062179D}.Debug|Any CPU.Build.0 = Debug|Any CPU
		{DB696629-A4EC-453D-A79A-99C4E062179D}.Release|Any CPU.ActiveCfg = Release|Any CPU
		{DB696629-A4EC-453D-A79A-99C4E062179D}.Release|Any CPU.Build.0 = Release|Any CPU
	EndGlobalSection
	GlobalSection(SolutionProperties) = preSolution
		HideSolutionNode = FALSE
	EndGlobalSection
EndGlobal
